# This file was autogenerated by Stack.
# You should not edit this file by hand.
# For more information, please see the documentation at:
#   https://docs.haskellstack.org/en/stable/lock_files

packages: []
snapshots:
- completed:
    size: 506654
    url: https://raw.githubusercontent.com/commercialhaskell/stackage-snapshots/master/lts/11/2.yaml
    sha256: 16bf823de040aa30863f26aab473f13477721aa0172514fc9b4041724b0534fb
  original: lts-11.2
